
Microsoft Visual Studio Solution File, Format Version 12.00
# Visual Studio 15
VisualStudioVersion = 15.0.28307.329
MinimumVisualStudioVersion = 10.0.40219.1
Project("{FAE04EC0-301F-11D3-BF4B-00C04F79EFBC}") = "Bleatingsheep.SimpleBooru", "Bleatingsheep.SimpleBooru\Bleatingsheep.SimpleBooru.csproj", "{ED9A3EC3-B9DC-4D4C-AA71-C8EB87DEE936}"
EndProject
Project("{FAE04EC0-301F-11D3-BF4B-00C04F79EFBC}") = "Bleatingsheep.SimpleBooru.TestConsole", "Bleatingsheep.SimpleBooru.TestConsole\Bleatingsheep.SimpleBooru.TestConsole.csproj", "{9D4B7CA7-8F0D-467A-8B74-0CE8B4755F74}"
EndProject
Global
	GlobalSection(SolutionConfigurationPlatforms) = preSolution
		Debug|Any CPU = Debug|Any CPU
		Release|Any CPU = Release|Any CPU
	EndGlobalSection
	GlobalSection(ProjectConfigurationPlatforms) = postSolution
		{ED9A3EC3-B9DC-4D4C-AA71-C8EB87DEE936}.Debug|Any CPU.ActiveCfg = Debug|Any CPU
		{ED9A3EC3-B9DC-4D4C-AA71-C8EB87DEE936}.Debug|Any CPU.Build.0 = Debug|Any CPU
		{ED9A3EC3-B9DC-4D4C-AA71-C8EB87DEE936}.Release|Any CPU.ActiveCfg = Release|Any CPU
		{ED9A3EC3-B9DC-4D4C-AA71-C8EB87DEE936}.Release|Any CPU.Build.0 = Release|Any CPU
		{9D4B7CA7-8F0D-467A-8B74-0CE8B4755F74}.Debug|Any CPU.ActiveCfg = Debug|Any CPU
		{9D4B7CA7-8F0D-467A-8B74-0CE8B4755F74}.Debug|Any CPU.Build.0 = Debug|Any CPU
		{9D4B7CA7-8F0D-467A-8B74-0CE8B4755F74}.Release|Any CPU.ActiveCfg = Release|Any CPU
		{9D4B7CA7-8F0D-467A-8B74-0CE8B4755F74}.Release|Any CPU.Build.0 = Release|Any CPU
	EndGlobalSection
	GlobalSection(SolutionProperties) = preSolution
		HideSolutionNode = FALSE
	EndGlobalSection
	GlobalSection(ExtensibilityGlobals) = postSolution
		SolutionGuid = {E048C15B-868A-4887-AE0C-3DAF45FC8A53}
	EndGlobalSection
EndGlobal
